
Microsoft Visual Studio Solution File, Format Version 12.00
# Visual Studio Version 17
VisualStudioVersion = 17.8.34408.163
MinimumVisualStudioVersion = 10.0.40219.1
Project("{FAE04EC0-301F-11D3-BF4B-00C04F79EFBC}") = "AuthAnaAuthorization", "AuthAnaAuthorization\AuthAnaAuthorization.csproj", "{B26F9D1A-C5BF-44FE-8870-10E68C99F52B}"
EndProject
Global
	GlobalSection(SolutionConfigurationPlatforms) = preSolution
		Debug|Any CPU = Debug|Any CPU
		Release|Any CPU = Release|Any CPU
	EndGlobalSection
	GlobalSection(ProjectConfigurationPlatforms) = postSolution
		{B26F9D1A-C5BF-44FE-8870-10E68C99F52B}.Debug|Any CPU.ActiveCfg = Debug|Any CPU
		{B26F9D1A-C5BF-44FE-8870-10E68C99F52B}.Debug|Any CPU.Build.0 = Debug|Any CPU
		{B26F9D1A-C5BF-44FE-8870-10E68C99F52B}.Release|Any CPU.ActiveCfg = Release|Any CPU
		{B26F9D1A-C5BF-44FE-8870-10E68C99F52B}.Release|Any CPU.Build.0 = Release|Any CPU
	EndGlobalSection
	GlobalSection(SolutionProperties) = preSolution
		HideSolutionNode = FALSE
	EndGlobalSection
	GlobalSection(ExtensibilityGlobals) = postSolution
		SolutionGuid = {1C5BADC2-9E31-4353-A305-C51D3984A07B}
	EndGlobalSection
EndGlobal
